
Microsoft Visual Studio Solution File, Format Version 12.00
# Visual Studio 15
VisualStudioVersion = 15.0.28307.1231
MinimumVisualStudioVersion = 10.0.40219.1
Project("{00D1A9C2-B5F0-4AF3-8072-F6C62B433612}") = "HIMS_staging2020", "HIMS_staging2020\HIMS_staging2020.sqlproj", "{DC047701-F199-4084-A213-1F11D1B1E6E2}"
EndProject
Global
	GlobalSection(SolutionConfigurationPlatforms) = preSolution
		Debug|Any CPU = Debug|Any CPU
		Release|Any CPU = Release|Any CPU
	EndGlobalSection
	GlobalSection(ProjectConfigurationPlatforms) = postSolution
		{DC047701-F199-4084-A213-1F11D1B1E6E2}.Debug|Any CPU.ActiveCfg = Debug|Any CPU
		{DC047701-F199-4084-A213-1F11D1B1E6E2}.Debug|Any CPU.Build.0 = Debug|Any CPU
		{DC047701-F199-4084-A213-1F11D1B1E6E2}.Debug|Any CPU.Deploy.0 = Debug|Any CPU
		{DC047701-F199-4084-A213-1F11D1B1E6E2}.Release|Any CPU.ActiveCfg = Release|Any CPU
		{DC047701-F199-4084-A213-1F11D1B1E6E2}.Release|Any CPU.Build.0 = Release|Any CPU
		{DC047701-F199-4084-A213-1F11D1B1E6E2}.Release|Any CPU.Deploy.0 = Release|Any CPU
	EndGlobalSection
	GlobalSection(SolutionProperties) = preSolution
		HideSolutionNode = FALSE
	EndGlobalSection
	GlobalSection(ExtensibilityGlobals) = postSolution
		SolutionGuid = {24BB6FB4-CB82-4F51-839A-9DCBE3768929}
	EndGlobalSection
EndGlobal
